
Microsoft Visual Studio Solution File, Format Version 12.00
# Visual Studio Version 16
VisualStudioVersion = 16.0.29806.167
MinimumVisualStudioVersion = 10.0.40219.1
Project("{FAE04EC0-301F-11D3-BF4B-00C04F79EFBC}") = "Gimapp.common", "Gimapp.common\Gimapp.common.csproj", "{DDB24EF7-D092-4ED9-AA94-CB318CE73A54}"
EndProject
Project("{FAE04EC0-301F-11D3-BF4B-00C04F79EFBC}") = "Gimapp.web", "Gimapp.web\Gimapp.web.csproj", "{D1C4E4F8-23D6-4E89-891D-F047E2AC3446}"
EndProject
Global
	GlobalSection(SolutionConfigurationPlatforms) = preSolution
		Debug|Any CPU = Debug|Any CPU
		Release|Any CPU = Release|Any CPU
	EndGlobalSection
	GlobalSection(ProjectConfigurationPlatforms) = postSolution
		{DDB24EF7-D092-4ED9-AA94-CB318CE73A54}.Debug|Any CPU.ActiveCfg = Debug|Any CPU
		{DDB24EF7-D092-4ED9-AA94-CB318CE73A54}.Debug|Any CPU.Build.0 = Debug|Any CPU
		{DDB24EF7-D092-4ED9-AA94-CB318CE73A54}.Release|Any CPU.ActiveCfg = Release|Any CPU
		{DDB24EF7-D092-4ED9-AA94-CB318CE73A54}.Release|Any CPU.Build.0 = Release|Any CPU
		{D1C4E4F8-23D6-4E89-891D-F047E2AC3446}.Debug|Any CPU.ActiveCfg = Debug|Any CPU
		{D1C4E4F8-23D6-4E89-891D-F047E2AC3446}.Debug|Any CPU.Build.0 = Debug|Any CPU
		{D1C4E4F8-23D6-4E89-891D-F047E2AC3446}.Release|Any CPU.ActiveCfg = Release|Any CPU
		{D1C4E4F8-23D6-4E89-891D-F047E2AC3446}.Release|Any CPU.Build.0 = Release|Any CPU
	EndGlobalSection
	GlobalSection(SolutionProperties) = preSolution
		HideSolutionNode = FALSE
	EndGlobalSection
	GlobalSection(ExtensibilityGlobals) = postSolution
		SolutionGuid = {F81A71F5-52C8-41C7-80C6-51892CD902FA}
	EndGlobalSection
EndGlobal
